
Microsoft Visual Studio Solution File, Format Version 12.00
# Visual Studio Version 16
VisualStudioVersion = 16.0.31829.152
MinimumVisualStudioVersion = 10.0.40219.1
Project("{FAE04EC0-301F-11D3-BF4B-00C04F79EFBC}") = "GenericList", "GenericList.csproj", "{C503A823-551A-4E57-B912-13587E667614}"
EndProject
Global
	GlobalSection(SolutionConfigurationPlatforms) = preSolution
		Debug|Any CPU = Debug|Any CPU
		Release|Any CPU = Release|Any CPU
	EndGlobalSection
	GlobalSection(ProjectConfigurationPlatforms) = postSolution
		{C503A823-551A-4E57-B912-13587E667614}.Debug|Any CPU.ActiveCfg = Debug|Any CPU
		{C503A823-551A-4E57-B912-13587E667614}.Debug|Any CPU.Build.0 = Debug|Any CPU
		{C503A823-551A-4E57-B912-13587E667614}.Release|Any CPU.ActiveCfg = Release|Any CPU
		{C503A823-551A-4E57-B912-13587E667614}.Release|Any CPU.Build.0 = Release|Any CPU
	EndGlobalSection
	GlobalSection(SolutionProperties) = preSolution
		HideSolutionNode = FALSE
	EndGlobalSection
	GlobalSection(ExtensibilityGlobals) = postSolution
		SolutionGuid = {1D4725E8-BF76-4B49-AE1F-0AC6D81E0D95}
	EndGlobalSection
EndGlobal
